// !$*UTF8*$!
{
	archiveVersion = 1;
	classes = {
	};
	objectVersion = 55;
	objects = {

/* Begin PBXBuildFile section */
		E0419B69293ED19200A150F6 /* Recipe.swift in Sources */ = {isa = PBXBuildFile; fileRef = E0419B68293ED19200A150F6 /* Recipe.swift */; };
		E0419B6B293ED2FE00A150F6 /* Ingredient.swift in Sources */ = {isa = PBXBuildFile; fileRef = E0419B6A293ED2FE00A150F6 /* Ingredient.swift */; };
		E0419B6D293ED4AE00A150F6 /* AddIngredients.swift in Sources */ = {isa = PBXBuildFile; fileRef = E0419B6C293ED4AE00A150F6 /* AddIngredients.swift */; };
		E0419B6F293ED5AC00A150F6 /* RandomRecipe.swift in Sources */ = {isa = PBXBuildFile; fileRef = E0419B6E293ED5AC00A150F6 /* RandomRecipe.swift */; };
		E0419B71293ED73400A150F6 /* Constants.swift in Sources */ = {isa = PBXBuildFile; fileRef = E0419B70293ED73400A150F6 /* Constants.swift */; };
		E0419B73293ED8A700A150F6 /* FetchRecipe.swift in Sources */ = {isa = PBXBuildFile; fileRef = E0419B72293ED8A700A150F6 /* FetchRecipe.swift */; };
		E0419B75293EDE3100A150F6 /* ActuallyRecipe.swift in Sources */ = {isa = PBXBuildFile; fileRef = E0419B74293EDE3100A150F6 /* ActuallyRecipe.swift */; };
		E0419B77293EDE7900A150F6 /* ImageIngredient.swift in Sources */ = {isa = PBXBuildFile; fileRef = E0419B76293EDE7900A150F6 /* ImageIngredient.swift */; };
		E0419B7B293EE3E400A150F6 /* RecipeList.swift in Sources */ = {isa = PBXBuildFile; fileRef = E0419B7A293EE3E400A150F6 /* RecipeList.swift */; };
		E0EE2964293E8C2E009969C9 /* RecipeApp.swift in Sources */ = {isa = PBXBuildFile; fileRef = E0EE2963293E8C2E009969C9 /* RecipeApp.swift */; };
		E0EE2966293E8C2E009969C9 /* ContentView.swift in Sources */ = {isa = PBXBuildFile; fileRef = E0EE2965293E8C2E009969C9 /* ContentView.swift */; };
		E0EE2968293E8C31009969C9 /* Assets.xcassets in Resources */ = {isa = PBXBuildFile; fileRef = E0EE2967293E8C31009969C9 /* Assets.xcassets */; };
		E0EE296B293E8C31009969C9 /* Preview Assets.xcassets in Resources */ = {isa = PBXBuildFile; fileRef = E0EE296A293E8C31009969C9 /* Preview Assets.xcassets */; };
		E0EE296D293E8C31009969C9 /* Persistence.swift in Sources */ = {isa = PBXBuildFile; fileRef = E0EE296C293E8C31009969C9 /* Persistence.swift */; };
		E0EE2970293E8C31009969C9 /* Recipe.xcdatamodeld in Sources */ = {isa = PBXBuildFile; fileRef = E0EE296E293E8C31009969C9 /* Recipe.xcdatamodeld */; };
		E0EE297A293E8C31009969C9 /* RecipeTests.swift in Sources */ = {isa = PBXBuildFile; fileRef = E0EE2979293E8C31009969C9 /* RecipeTests.swift */; };
		E0EE2984293E8C31009969C9 /* RecipeUITests.swift in Sources */ = {isa = PBXBuildFile; fileRef = E0EE2983293E8C31009969C9 /* RecipeUITests.swift */; };
		E0EE2986293E8C31009969C9 /* RecipeUITestsLaunchTests.swift in Sources */ = {isa = PBXBuildFile; fileRef = E0EE2985293E8C31009969C9 /* RecipeUITestsLaunchTests.swift */; };
/* End PBXBuildFile section */

/* Begin PBXContainerItemProxy section */
		E0EE2976293E8C31009969C9 /* PBXContainerItemProxy */ = {
			isa = PBXContainerItemProxy;
			containerPortal = E0EE2958293E8C2E009969C9 /* Project object */;
			proxyType = 1;
			remoteGlobalIDString = E0EE295F293E8C2E009969C9;
			remoteInfo = Recipe;
		};
		E0EE2980293E8C31009969C9 /* PBXContainerItemProxy */ = {
			isa = PBXContainerItemProxy;
			containerPortal = E0EE2958293E8C2E009969C9 /* Project object */;
			proxyType = 1;
			remoteGlobalIDString = E0EE295F293E8C2E009969C9;
			remoteInfo = Recipe;
		};
/* End PBXContainerItemProxy section */

/* Begin PBXFileReference section */
		E0419B68293ED19200A150F6 /* Recipe.swift */ = {isa = PBXFileReference; lastKnownFileType = sourcecode.swift; path = Recipe.swift; sourceTree = "<group>"; };
		E0419B6A293ED2FE00A150F6 /* Ingredient.swift */ = {isa = PBXFileReference; lastKnownFileType = sourcecode.swift; path = Ingredient.swift; sourceTree = "<group>"; };
		E0419B6C293ED4AE00A150F6 /* AddIngredients.swift */ = {isa = PBXFileReference; lastKnownFileType = sourcecode.swift; path = AddIngredients.swift; sourceTree = "<group>"; };
		E0419B6E293ED5AC00A150F6 /* RandomRecipe.swift */ = {isa = PBXFileReference; lastKnownFileType = sourcecode.swift; path = RandomRecipe.swift; sourceTree = "<group>"; };
		E0419B70293ED73400A150F6 /* Constants.swift */ = {isa = PBXFileReference; lastKnownFileType = sourcecode.swift; path = Constants.swift; sourceTree = "<group>"; };
		E0419B72293ED8A700A150F6 /* FetchRecipe.swift */ = {isa = PBXFileReference; lastKnownFileType = sourcecode.swift; path = FetchRecipe.swift; sourceTree = "<group>"; };
		E0419B74293EDE3100A150F6 /* ActuallyRecipe.swift */ = {isa = PBXFileReference; lastKnownFileType = sourcecode.swift; path = ActuallyRecipe.swift; sourceTree = "<group>"; };
		E0419B76293EDE7900A150F6 /* ImageIngredient.swift */ = {isa = PBXFileReference; lastKnownFileType = sourcecode.swift; path = ImageIngredient.swift; sourceTree = "<group>"; };
		E0419B7A293EE3E400A150F6 /* RecipeList.swift */ = {isa = PBXFileReference; lastKnownFileType = sourcecode.swift; path = RecipeList.swift; sourceTree = "<group>"; };
		E0EE2960293E8C2E009969C9 /* Recipe.app */ = {isa = PBXFileReference; explicitFileType = wrapper.application; includeInIndex = 0; path = Recipe.app; sourceTree = BUILT_PRODUCTS_DIR; };
		E0EE2963293E8C2E009969C9 /* RecipeApp.swift */ = {isa = PBXFileReference; lastKnownFileType = sourcecode.swift; path = RecipeApp.swift; sourceTree = "<group>"; };
		E0EE2965293E8C2E009969C9 /* ContentView.swift */ = {isa = PBXFileReference; lastKnownFileType = sourcecode.swift; path = ContentView.swift; sourceTree = "<group>"; };
		E0EE2967293E8C31009969C9 /* Assets.xcassets */ = {isa = PBXFileReference; lastKnownFileType = folder.assetcatalog; path = Assets.xcassets; sourceTree = "<group>"; };
		E0EE296A293E8C31009969C9 /* Preview Assets.xcassets */ = {isa = PBXFileReference; lastKnownFileType = folder.assetcatalog; path = "Preview Assets.xcassets"; sourceTree = "<group>"; };
		E0EE296C293E8C31009969C9 /* Persistence.swift */ = {isa = PBXFileReference; lastKnownFileType = sourcecode.swift; path = Persistence.swift; sourceTree = "<group>"; };
		E0EE296F293E8C31009969C9 /* Recipe.xcdatamodel */ = {isa = PBXFileReference; lastKnownFileType = wrapper.xcdatamodel; path = Recipe.xcdatamodel; sourceTree = "<group>"; };
		E0EE2975293E8C31009969C9 /* RecipeTests.xctest */ = {isa = PBXFileReference; explicitFileType = wrapper.cfbundle; includeInIndex = 0; path = RecipeTests.xctest; sourceTree = BUILT_PRODUCTS_DIR; };
		E0EE2979293E8C31009969C9 /* RecipeTests.swift */ = {isa = PBXFileReference; lastKnownFileType = sourcecode.swift; path = RecipeTests.swift; sourceTree = "<group>"; };
		E0EE297F293E8C31009969C9 /* RecipeUITests.xctest */ = {isa = PBXFileReference; explicitFileType = wrapper.cfbundle; includeInIndex = 0; path = RecipeUITests.xctest; sourceTree = BUILT_PRODUCTS_DIR; };
		E0EE2983293E8C31009969C9 /* RecipeUITests.swift */ = {isa = PBXFileReference; lastKnownFileType = sourcecode.swift; path = RecipeUITests.swift; sourceTree = "<group>"; };
		E0EE2985293E8C31009969C9 /* RecipeUITestsLaunchTests.swift */ = {isa = PBXFileReference; lastKnownFileType = sourcecode.swift; path = RecipeUITestsLaunchTests.swift; sourceTree = "<group>"; };
/* End PBXFileReference section */

/* Begin PBXFrameworksBuildPhase section */
		E0EE295D293E8C2E009969C9 /* Frameworks */ = {
			isa = PBXFrameworksBuildPhase;
			buildActionMask = 2147483647;
			files = (
			);
			runOnlyForDeploymentPostprocessing = 0;
		};
		E0EE2972293E8C31009969C9 /* Frameworks */ = {
			isa = PBXFrameworksBuildPhase;
			buildActionMask = 2147483647;
			files = (
			);
			runOnlyForDeploymentPostprocessing = 0;
		};
		E0EE297C293E8C31009969C9 /* Frameworks */ = {
			isa = PBXFrameworksBuildPhase;
			buildActionMask = 2147483647;
			files = (
			);
			runOnlyForDeploymentPostprocessing = 0;
		};
/* End PBXFrameworksBuildPhase section */

/* Begin PBXGroup section */
		E0419B62293EC8C800A150F6 /* ViewModel */ = {
			isa = PBXGroup;
			children = (
				E0419B6E293ED5AC00A150F6 /* RandomRecipe.swift */,
				E0419B72293ED8A700A150F6 /* FetchRecipe.swift */,
				E0419B74293EDE3100A150F6 /* ActuallyRecipe.swift */,
				E0419B76293EDE7900A150F6 /* ImageIngredient.swift */,
			);
			path = ViewModel;
			sourceTree = "<group>";
		};
		E0419B63293EC8CB00A150F6 /* View */ = {
			isa = PBXGroup;
			children = (
				E0419B7A293EE3E400A150F6 /* RecipeList.swift */,
			);
			path = View;
			sourceTree = "<group>";
		};
		E0419B64293EC8CD00A150F6 /* Model */ = {
			isa = PBXGroup;
			children = (
				E0419B68293ED19200A150F6 /* Recipe.swift */,
				E0419B6A293ED2FE00A150F6 /* Ingredient.swift */,
			);
			path = Model;
			sourceTree = "<group>";
		};
		E0419B65293EC8D000A150F6 /* Screens */ = {
			isa = PBXGroup;
			children = (
			);
			path = Screens;
			sourceTree = "<group>";
		};
		E0419B66293EC8D300A150F6 /* Services */ = {
			isa = PBXGroup;
			children = (
			);
			path = Services;
			sourceTree = "<group>";
		};
		E0419B67293EC8D600A150F6 /* Utils */ = {
			isa = PBXGroup;
			children = (
				E0419B6C293ED4AE00A150F6 /* AddIngredients.swift */,
				E0419B70293ED73400A150F6 /* Constants.swift */,
			);
			path = Utils;
			sourceTree = "<group>";
		};
		E0EE2957293E8C2E009969C9 = {
			isa = PBXGroup;
			children = (
				E0EE2962293E8C2E009969C9 /* Recipe */,
				E0EE2978293E8C31009969C9 /* RecipeTests */,
				E0EE2982293E8C31009969C9 /* RecipeUITests */,
				E0EE2961293E8C2E009969C9 /* Products */,
			);
			sourceTree = "<group>";
		};
		E0EE2961293E8C2E009969C9 /* Products */ = {
			isa = PBXGroup;
			children = (
				E0EE2960293E8C2E009969C9 /* Recipe.app */,
				E0EE2975293E8C31009969C9 /* RecipeTests.xctest */,
				E0EE297F293E8C31009969C9 /* RecipeUITests.xctest */,
			);
			name = Products;
			sourceTree = "<group>";
		};
		E0EE2962293E8C2E009969C9 /* Recipe */ = {
			isa = PBXGroup;
			children = (
				E0419B67293EC8D600A150F6 /* Utils */,
				E0419B66293EC8D300A150F6 /* Services */,
				E0419B65293EC8D000A150F6 /* Screens */,
				E0419B64293EC8CD00A150F6 /* Model */,
				E0419B63293EC8CB00A150F6 /* View */,
				E0419B62293EC8C800A150F6 /* ViewModel */,
				E0EE2963293E8C2E009969C9 /* RecipeApp.swift */,
				E0EE2965293E8C2E009969C9 /* ContentView.swift */,
				E0EE2967293E8C31009969C9 /* Assets.xcassets */,
				E0EE296C293E8C31009969C9 /* Persistence.swift */,
				E0EE296E293E8C31009969C9 /* Recipe.xcdatamodeld */,
				E0EE2969293E8C31009969C9 /* Preview Content */,
			);
			path = Recipe;
			sourceTree = "<group>";
		};
		E0EE2969293E8C31009969C9 /* Preview Content */ = {
			isa = PBXGroup;
			children = (
				E0EE296A293E8C31009969C9 /* Preview Assets.xcassets */,
			);
			path = "Preview Content";
			sourceTree = "<group>";
		};
		E0EE2978293E8C31009969C9 /* RecipeTests */ = {
			isa = PBXGroup;
			children = (
				E0EE2979293E8C31009969C9 /* RecipeTests.swift */,
			);
			path = RecipeTests;
			sourceTree = "<group>";
		};
		E0EE2982293E8C31009969C9 /* RecipeUITests */ = {
			isa = PBXGroup;
			children = (
				E0EE2983293E8C31009969C9 /* RecipeUITests.swift */,
				E0EE2985293E8C31009969C9 /* RecipeUITestsLaunchTests.swift */,
			);
			path = RecipeUITests;
			sourceTree = "<group>";
		};
/* End PBXGroup section */

/* Begin PBXNativeTarget section */
		E0EE295F293E8C2E009969C9 /* Recipe */ = {
			isa = PBXNativeTarget;
			buildConfigurationList = E0EE2989293E8C31009969C9 /* Build configuration list for PBXNativeTarget "Recipe" */;
			buildPhases = (
				E0EE295C293E8C2E009969C9 /* Sources */,
				E0EE295D293E8C2E009969C9 /* Frameworks */,
				E0EE295E293E8C2E009969C9 /* Resources */,
			);
			buildRules = (
			);
			dependencies = (
			);
			name = Recipe;
			productName = Recipe;
			productReference = E0EE2960293E8C2E009969C9 /* Recipe.app */;
			productType = "com.apple.product-type.application";
		};
		E0EE2974293E8C31009969C9 /* RecipeTests */ = {
			isa = PBXNativeTarget;
			buildConfigurationList = E0EE298C293E8C31009969C9 /* Build configuration list for PBXNativeTarget "RecipeTests" */;
			buildPhases = (
				E0EE2971293E8C31009969C9 /* Sources */,
				E0EE2972293E8C31009969C9 /* Frameworks */,
				E0EE2973293E8C31009969C9 /* Resources */,
			);
			buildRules = (
			);
			dependencies = (
				E0EE2977293E8C31009969C9 /* PBXTargetDependency */,
			);
			name = RecipeTests;
			productName = RecipeTests;
			productReference = E0EE2975293E8C31009969C9 /* RecipeTests.xctest */;
			productType = "com.apple.product-type.bundle.unit-test";
		};
		E0EE297E293E8C31009969C9 /* RecipeUITests */ = {
			isa = PBXNativeTarget;
			buildConfigurationList = E0EE298F293E8C31009969C9 /* Build configuration list for PBXNativeTarget "RecipeUITests" */;
			buildPhases = (
				E0EE297B293E8C31009969C9 /* Sources */,
				E0EE297C293E8C31009969C9 /* Frameworks */,
				E0EE297D293E8C31009969C9 /* Resources */,
			);
			buildRules = (
			);
			dependencies = (
				E0EE2981293E8C31009969C9 /* PBXTargetDependency */,
			);
			name = RecipeUITests;
			productName = RecipeUITests;
			productReference = E0EE297F293E8C31009969C9 /* RecipeUITests.xctest */;
			productType = "com.apple.product-type.bundle.ui-testing";
		};
/* End PBXNativeTarget section */

/* Begin PBXProject section */
		E0EE2958293E8C2E009969C9 /* Project object */ = {
			isa = PBXProject;
			attributes = {
				BuildIndependentTargetsInParallel = 1;
				LastSwiftUpdateCheck = 1340;
				LastUpgradeCheck = 1340;
				TargetAttributes = {
					E0EE295F293E8C2E009969C9 = {
						CreatedOnToolsVersion = 13.4.1;
					};
					E0EE2974293E8C31009969C9 = {
						CreatedOnToolsVersion = 13.4.1;
						TestTargetID = E0EE295F293E8C2E009969C9;
					};
					E0EE297E293E8C31009969C9 = {
						CreatedOnToolsVersion = 13.4.1;
						TestTargetID = E0EE295F293E8C2E009969C9;
					};
				};
			};
			buildConfigurationList = E0EE295B293E8C2E009969C9 /* Build configuration list for PBXProject "Recipe" */;
			compatibilityVersion = "Xcode 13.0";
			developmentRegion = en;
			hasScannedForEncodings = 0;
			knownRegions = (
				en,
				Base,
			);
			mainGroup = E0EE2957293E8C2E009969C9;
			productRefGroup = E0EE2961293E8C2E009969C9 /* Products */;
			projectDirPath = "";
			projectRoot = "";
			targets = (
				E0EE295F293E8C2E009969C9 /* Recipe */,
				E0EE2974293E8C31009969C9 /* RecipeTests */,
				E0EE297E293E8C31009969C9 /* RecipeUITests */,
			);
		};
/* End PBXProject section */

/* Begin PBXResourcesBuildPhase section */
		E0EE295E293E8C2E009969C9 /* Resources */ = {
			isa = PBXResourcesBuildPhase;
			buildActionMask = 2147483647;
			files = (
				E0EE296B293E8C31009969C9 /* Preview Assets.xcassets in Resources */,
				E0EE2968293E8C31009969C9 /* Assets.xcassets in Resources */,
			);
			runOnlyForDeploymentPostprocessing = 0;
		};
		E0EE2973293E8C31009969C9 /* Resources */ = {
			isa = PBXResourcesBuildPhase;
			buildActionMask = 2147483647;
			files = (
			);
			runOnlyForDeploymentPostprocessing = 0;
		};
		E0EE297D293E8C31009969C9 /* Resources */ = {
			isa = PBXResourcesBuildPhase;
			buildActionMask = 2147483647;
			files = (
			);
			runOnlyForDeploymentPostprocessing = 0;
		};
/* End PBXResourcesBuildPhase section */

/* Begin PBXSourcesBuildPhase section */
		E0EE295C293E8C2E009969C9 /* Sources */ = {
			isa = PBXSourcesBuildPhase;
			buildActionMask = 2147483647;
			files = (
				E0419B6D293ED4AE00A150F6 /* AddIngredients.swift in Sources */,
				E0419B73293ED8A700A150F6 /* FetchRecipe.swift in Sources */,
				E0419B75293EDE3100A150F6 /* ActuallyRecipe.swift in Sources */,
				E0EE296D293E8C31009969C9 /* Persistence.swift in Sources */,
				E0EE2966293E8C2E009969C9 /* ContentView.swift in Sources */,
				E0419B6B293ED2FE00A150F6 /* Ingredient.swift in Sources */,
				E0419B7B293EE3E400A150F6 /* RecipeList.swift in Sources */,
				E0419B6F293ED5AC00A150F6 /* RandomRecipe.swift in Sources */,
				E0EE2964293E8C2E009969C9 /* RecipeApp.swift in Sources */,
				E0419B77293EDE7900A150F6 /* ImageIngredient.swift in Sources */,
				E0EE2970293E8C31009969C9 /* Recipe.xcdatamodeld in Sources */,
				E0419B69293ED19200A150F6 /* Recipe.swift in Sources */,
				E0419B71293ED73400A150F6 /* Constants.swift in Sources */,
			);
			runOnlyForDeploymentPostprocessing = 0;
		};
		E0EE2971293E8C31009969C9 /* Sources */ = {
			isa = PBXSourcesBuildPhase;
			buildActionMask = 2147483647;
			files = (
				E0EE297A293E8C31009969C9 /* RecipeTests.swift in Sources */,
			);
			runOnlyForDeploymentPostprocessing = 0;
		};
		E0EE297B293E8C31009969C9 /* Sources */ = {
			isa = PBXSourcesBuildPhase;
			buildActionMask = 2147483647;
			files = (
				E0EE2986293E8C31009969C9 /* RecipeUITestsLaunchTests.swift in Sources */,
				E0EE2984293E8C31009969C9 /* RecipeUITests.swift in Sources */,
			);
			runOnlyForDeploymentPostprocessing = 0;
		};
/* End PBXSourcesBuildPhase section */

/* Begin PBXTargetDependency section */
		E0EE2977293E8C31009969C9 /* PBXTargetDependency */ = {
			isa = PBXTargetDependency;
			target = E0EE295F293E8C2E009969C9 /* Recipe */;
			targetProxy = E0EE2976293E8C31009969C9 /* PBXContainerItemProxy */;
		};
		E0EE2981293E8C31009969C9 /* PBXTargetDependency */ = {
			isa = PBXTargetDependency;
			target = E0EE295F293E8C2E009969C9 /* Recipe */;
			targetProxy = E0EE2980293E8C31009969C9 /* PBXContainerItemProxy */;
		};
/* End PBXTargetDependency section */

/* Begin XCBuildConfiguration section */
		E0EE2987293E8C31009969C9 /* Debug */ = {
			isa = XCBuildConfiguration;
			buildSettings = {
				ALWAYS_SEARCH_USER_PATHS = NO;
				CLANG_ANALYZER_NONNULL = YES;
				CLANG_ANALYZER_NUMBER_OBJECT_CONVERSION = YES_AGGRESSIVE;
				CLANG_CXX_LANGUAGE_STANDARD = "gnu++17";
				CLANG_ENABLE_MODULES = YES;
				CLANG_ENABLE_OBJC_ARC = YES;
				CLANG_ENABLE_OBJC_WEAK = YES;
				CLANG_WARN_BLOCK_CAPTURE_AUTORELEASING = YES;
				CLANG_WARN_BOOL_CONVERSION = YES;
				CLANG_WARN_COMMA = YES;
				CLANG_WARN_CONSTANT_CONVERSION = YES;
				CLANG_WARN_DEPRECATED_OBJC_IMPLEMENTATIONS = YES;
				CLANG_WARN_DIRECT_OBJC_ISA_USAGE = YES_ERROR;
				CLANG_WARN_DOCUMENTATION_COMMENTS = YES;
				CLANG_WARN_EMPTY_BODY = YES;
				CLANG_WARN_ENUM_CONVERSION = YES;
				CLANG_WARN_INFINITE_RECURSION = YES;
				CLANG_WARN_INT_CONVERSION = YES;
				CLANG_WARN_NON_LITERAL_NULL_CONVERSION = YES;
				CLANG_WARN_OBJC_IMPLICIT_RETAIN_SELF = YES;
				CLANG_WARN_OBJC_LITERAL_CONVERSION = YES;
				CLANG_WARN_OBJC_ROOT_CLASS = YES_ERROR;
				CLANG_WARN_QUOTED_INCLUDE_IN_FRAMEWORK_HEADER = YES;
				CLANG_WARN_RANGE_LOOP_ANALYSIS = YES;
				CLANG_WARN_STRICT_PROTOTYPES = YES;
				CLANG_WARN_SUSPICIOUS_MOVE = YES;
				CLANG_WARN_UNGUARDED_AVAILABILITY = YES_AGGRESSIVE;
				CLANG_WARN_UNREACHABLE_CODE = YES;
				CLANG_WARN__DUPLICATE_METHOD_MATCH = YES;
				COPY_PHASE_STRIP = NO;
				DEBUG_INFORMATION_FORMAT = dwarf;
				ENABLE_STRICT_OBJC_MSGSEND = YES;
				ENABLE_TESTABILITY = YES;
				GCC_C_LANGUAGE_STANDARD = gnu11;
				GCC_DYNAMIC_NO_PIC = NO;
				GCC_NO_COMMON_BLOCKS = YES;
				GCC_OPTIMIZATION_LEVEL = 0;
				GCC_PREPROCESSOR_DEFINITIONS = (
					"DEBUG=1",
					"$(inherited)",
				);
				GCC_WARN_64_TO_32_BIT_CONVERSION = YES;
				GCC_WARN_ABOUT_RETURN_TYPE = YES_ERROR;
				GCC_WARN_UNDECLARED_SELECTOR = YES;
				GCC_WARN_UNINITIALIZED_AUTOS = YES_AGGRESSIVE;
				GCC_WARN_UNUSED_FUNCTION = YES;
				GCC_WARN_UNUSED_VARIABLE = YES;
				IPHONEOS_DEPLOYMENT_TARGET = 15.5;
				MTL_ENABLE_DEBUG_INFO = INCLUDE_SOURCE;
				MTL_FAST_MATH = YES;
				ONLY_ACTIVE_ARCH = YES;
				SDKROOT = iphoneos;
				SWIFT_ACTIVE_COMPILATION_CONDITIONS = DEBUG;
				SWIFT_OPTIMIZATION_LEVEL = "-Onone";
			};
			name = Debug;
		};
		E0EE2988293E8C31009969C9 /* Release */ = {
			isa = XCBuildConfiguration;
			buildSettings = {
				ALWAYS_SEARCH_USER_PATHS = NO;
				CLANG_ANALYZER_NONNULL = YES;
				CLANG_ANALYZER_NUMBER_OBJECT_CONVERSION = YES_AGGRESSIVE;
				CLANG_CXX_LANGUAGE_STANDARD = "gnu++17";
				CLANG_ENABLE_MODULES = YES;
				CLANG_ENABLE_OBJC_ARC = YES;
				CLANG_ENABLE_OBJC_WEAK = YES;
				CLANG_WARN_BLOCK_CAPTURE_AUTORELEASING = YES;
				CLANG_WARN_BOOL_CONVERSION = YES;
				CLANG_WARN_COMMA = YES;
				CLANG_WARN_CONSTANT_CONVERSION = YES;
				CLANG_WARN_DEPRECATED_OBJC_IMPLEMENTATIONS = YES;
				CLANG_WARN_DIRECT_OBJC_ISA_USAGE = YES_ERROR;
				CLANG_WARN_DOCUMENTATION_COMMENTS = YES;
				CLANG_WARN_EMPTY_BODY = YES;
				CLANG_WARN_ENUM_CONVERSION = YES;
				CLANG_WARN_INFINITE_RECURSION = YES;
				CLANG_WARN_INT_CONVERSION = YES;
				CLANG_WARN_NON_LITERAL_NULL_CONVERSION = YES;
				CLANG_WARN_OBJC_IMPLICIT_RETAIN_SELF = YES;
				CLANG_WARN_OBJC_LITERAL_CONVERSION = YES;
				CLANG_WARN_OBJC_ROOT_CLASS = YES_ERROR;
				CLANG_WARN_QUOTED_INCLUDE_IN_FRAMEWORK_HEADER = YES;
				CLANG_WARN_RANGE_LOOP_ANALYSIS = YES;
				CLANG_WARN_STRICT_PROTOTYPES = YES;
				CLANG_WARN_SUSPICIOUS_MOVE = YES;
				CLANG_WARN_UNGUARDED_AVAILABILITY = YES_AGGRESSIVE;
				CLANG_WARN_UNREACHABLE_CODE = YES;
				CLANG_WARN__DUPLICATE_METHOD_MATCH = YES;
				COPY_PHASE_STRIP = NO;
				DEBUG_INFORMATION_FORMAT = "dwarf-with-dsym";
				ENABLE_NS_ASSERTIONS = NO;
				ENABLE_STRICT_OBJC_MSGSEND = YES;
				GCC_C_LANGUAGE_STANDARD = gnu11;
				GCC_NO_COMMON_BLOCKS = YES;
				GCC_WARN_64_TO_32_BIT_CONVERSION = YES;
				GCC_WARN_ABOUT_RETURN_TYPE = YES_ERROR;
				GCC_WARN_UNDECLARED_SELECTOR = YES;
				GCC_WARN_UNINITIALIZED_AUTOS = YES_AGGRESSIVE;
				GCC_WARN_UNUSED_FUNCTION = YES;
				GCC_WARN_UNUSED_VARIABLE = YES;
				IPHONEOS_DEPLOYMENT_TARGET = 15.5;
				MTL_ENABLE_DEBUG_INFO = NO;
				MTL_FAST_MATH = YES;
				SDKROOT = iphoneos;
				SWIFT_COMPILATION_MODE = wholemodule;
				SWIFT_OPTIMIZATION_LEVEL = "-O";
				VALIDATE_PRODUCT = YES;
			};
			name = Release;
		};
		E0EE298A293E8C31009969C9 /* Debug */ = {
			isa = XCBuildConfiguration;
			buildSettings = {
				ASSETCATALOG_COMPILER_APPICON_NAME = AppIcon;
				ASSETCATALOG_COMPILER_GLOBAL_ACCENT_COLOR_NAME = AccentColor;
				CODE_SIGN_STYLE = Automatic;
				CURRENT_PROJECT_VERSION = 1;
				DEVELOPMENT_ASSET_PATHS = "\"Recipe/Preview Content\"";
				DEVELOPMENT_TEAM = K357BR6MN2;
				ENABLE_PREVIEWS = YES;
				GENERATE_INFOPLIST_FILE = YES;
				INFOPLIST_KEY_UIApplicationSceneManifest_Generation = YES;
				INFOPLIST_KEY_UIApplicationSupportsIndirectInputEvents = YES;
				INFOPLIST_KEY_UILaunchScreen_Generation = YES;
				INFOPLIST_KEY_UISupportedInterfaceOrientations_iPad = "UIInterfaceOrientationPortrait UIInterfaceOrientationPortraitUpsideDown UIInterfaceOrientationLandscapeLeft UIInterfaceOrientationLandscapeRight";
				INFOPLIST_KEY_UISupportedInterfaceOrientations_iPhone = "UIInterfaceOrientationPortrait UIInterfaceOrientationLandscapeLeft UIInterfaceOrientationLandscapeRight";
				LD_RUNPATH_SEARCH_PATHS = (
					"$(inherited)",
					"@executable_path/Frameworks",
				);
				MARKETING_VERSION = 1.0;
				PRODUCT_BUNDLE_IDENTIFIER = com.andcamilo.Recipe;
				PRODUCT_NAME = "$(TARGET_NAME)";
				SWIFT_EMIT_LOC_STRINGS = YES;
				SWIFT_VERSION = 5.0;
				TARGETED_DEVICE_FAMILY = "1,2";
			};
			name = Debug;
		};
		E0EE298B293E8C31009969C9 /* Release */ = {
			isa = XCBuildConfiguration;
			buildSettings = {
				ASSETCATALOG_COMPILER_APPICON_NAME = AppIcon;
				ASSETCATALOG_COMPILER_GLOBAL_ACCENT_COLOR_NAME = AccentColor;
				CODE_SIGN_STYLE = Automatic;
				CURRENT_PROJECT_VERSION = 1;
				DEVELOPMENT_ASSET_PATHS = "\"Recipe/Preview Content\"";
				DEVELOPMENT_TEAM = K357BR6MN2;
				ENABLE_PREVIEWS = YES;
				GENERATE_INFOPLIST_FILE = YES;
				INFOPLIST_KEY_UIApplicationSceneManifest_Generation = YES;
				INFOPLIST_KEY_UIApplicationSupportsIndirectInputEvents = YES;
				INFOPLIST_KEY_UILaunchScreen_Generation = YES;
				INFOPLIST_KEY_UISupportedInterfaceOrientations_iPad = "UIInterfaceOrientationPortrait UIInterfaceOrientationPortraitUpsideDown UIInterfaceOrientationLandscapeLeft UIInterfaceOrientationLandscapeRight";
				INFOPLIST_KEY_UISupportedInterfaceOrientations_iPhone = "UIInterfaceOrientationPortrait UIInterfaceOrientationLandscapeLeft UIInterfaceOrientationLandscapeRight";
				LD_RUNPATH_SEARCH_PATHS = (
					"$(inherited)",
					"@executable_path/Frameworks",
				);
				MARKETING_VERSION = 1.0;
				PRODUCT_BUNDLE_IDENTIFIER = com.andcamilo.Recipe;
				PRODUCT_NAME = "$(TARGET_NAME)";
				SWIFT_EMIT_LOC_STRINGS = YES;
				SWIFT_VERSION = 5.0;
				TARGETED_DEVICE_FAMILY = "1,2";
			};
			name = Release;
		};
		E0EE298D293E8C31009969C9 /* Debug */ = {
			isa = XCBuildConfiguration;
			buildSettings = {
				ALWAYS_EMBED_SWIFT_STANDARD_LIBRARIES = YES;
				BUNDLE_LOADER = "$(TEST_HOST)";
				CODE_SIGN_STYLE = Automatic;
				CURRENT_PROJECT_VERSION = 1;
				DEVELOPMENT_TEAM = K357BR6MN2;
				GENERATE_INFOPLIST_FILE = YES;
				IPHONEOS_DEPLOYMENT_TARGET = 15.5;
				MARKETING_VERSION = 1.0;
				PRODUCT_BUNDLE_IDENTIFIER = com.andcamilo.RecipeTests;
				PRODUCT_NAME = "$(TARGET_NAME)";
				SWIFT_EMIT_LOC_STRINGS = NO;
				SWIFT_VERSION = 5.0;
				TARGETED_DEVICE_FAMILY = "1,2";
				TEST_HOST = "$(BUILT_PRODUCTS_DIR)/Recipe.app/Recipe";
			};
			name = Debug;
		};
		E0EE298E293E8C31009969C9 /* Release */ = {
			isa = XCBuildConfiguration;
			buildSettings = {
				ALWAYS_EMBED_SWIFT_STANDARD_LIBRARIES = YES;
				BUNDLE_LOADER = "$(TEST_HOST)";
				CODE_SIGN_STYLE = Automatic;
				CURRENT_PROJECT_VERSION = 1;
				DEVELOPMENT_TEAM = K357BR6MN2;
				GENERATE_INFOPLIST_FILE = YES;
				IPHONEOS_DEPLOYMENT_TARGET = 15.5;
				MARKETING_VERSION = 1.0;
				PRODUCT_BUNDLE_IDENTIFIER = com.andcamilo.RecipeTests;
				PRODUCT_NAME = "$(TARGET_NAME)";
				SWIFT_EMIT_LOC_STRINGS = NO;
				SWIFT_VERSION = 5.0;
				TARGETED_DEVICE_FAMILY = "1,2";
				TEST_HOST = "$(BUILT_PRODUCTS_DIR)/Recipe.app/Recipe";
			};
			name = Release;
		};
		E0EE2990293E8C31009969C9 /* Debug */ = {
			isa = XCBuildConfiguration;
			buildSettings = {
				ALWAYS_EMBED_SWIFT_STANDARD_LIBRARIES = YES;
				CODE_SIGN_STYLE = Automatic;
				CURRENT_PROJECT_VERSION = 1;
				DEVELOPMENT_TEAM = K357BR6MN2;
				GENERATE_INFOPLIST_FILE = YES;
				MARKETING_VERSION = 1.0;
				PRODUCT_BUNDLE_IDENTIFIER = com.andcamilo.RecipeUITests;
				PRODUCT_NAME = "$(TARGET_NAME)";
				SWIFT_EMIT_LOC_STRINGS = NO;
				SWIFT_VERSION = 5.0;
				TARGETED_DEVICE_FAMILY = "1,2";
				TEST_TARGET_NAME = Recipe;
			};
			name = Debug;
		};
		E0EE2991293E8C31009969C9 /* Release */ = {
			isa = XCBuildConfiguration;
			buildSettings = {
				ALWAYS_EMBED_SWIFT_STANDARD_LIBRARIES = YES;
				CODE_SIGN_STYLE = Automatic;
				CURRENT_PROJECT_VERSION = 1;
				DEVELOPMENT_TEAM = K357BR6MN2;
				GENERATE_INFOPLIST_FILE = YES;
				MARKETING_VERSION = 1.0;
				PRODUCT_BUNDLE_IDENTIFIER = com.andcamilo.RecipeUITests;
				PRODUCT_NAME = "$(TARGET_NAME)";
				SWIFT_EMIT_LOC_STRINGS = NO;
				SWIFT_VERSION = 5.0;
				TARGETED_DEVICE_FAMILY = "1,2";
				TEST_TARGET_NAME = Recipe;
			};
			name = Release;
		};
/* End XCBuildConfiguration section */

/* Begin XCConfigurationList section */
		E0EE295B293E8C2E009969C9 /* Build configuration list for PBXProject "Recipe" */ = {
			isa = XCConfigurationList;
			buildConfigurations = (
				E0EE2987293E8C31009969C9 /* Debug */,
				E0EE2988293E8C31009969C9 /* Release */,
			);
			defaultConfigurationIsVisible = 0;
			defaultConfigurationName = Release;
		};
		E0EE2989293E8C31009969C9 /* Build configuration list for PBXNativeTarget "Recipe" */ = {
			isa = XCConfigurationList;
			buildConfigurations = (
				E0EE298A293E8C31009969C9 /* Debug */,
				E0EE298B293E8C31009969C9 /* Release */,
			);
			defaultConfigurationIsVisible = 0;
			defaultConfigurationName = Release;
		};
		E0EE298C293E8C31009969C9 /* Build configuration list for PBXNativeTarget "RecipeTests" */ = {
			isa = XCConfigurationList;
			buildConfigurations = (
				E0EE298D293E8C31009969C9 /* Debug */,
				E0EE298E293E8C31009969C9 /* Release */,
			);
			defaultConfigurationIsVisible = 0;
			defaultConfigurationName = Release;
		};
		E0EE298F293E8C31009969C9 /* Build configuration list for PBXNativeTarget "RecipeUITests" */ = {
			isa = XCConfigurationList;
			buildConfigurations = (
				E0EE2990293E8C31009969C9 /* Debug */,
				E0EE2991293E8C31009969C9 /* Release */,
			);
			defaultConfigurationIsVisible = 0;
			defaultConfigurationName = Release;
		};
/* End XCConfigurationList section */

/* Begin XCVersionGroup section */
		E0EE296E293E8C31009969C9 /* Recipe.xcdatamodeld */ = {
			isa = XCVersionGroup;
			children = (
				E0EE296F293E8C31009969C9 /* Recipe.xcdatamodel */,
			);
			currentVersion = E0EE296F293E8C31009969C9 /* Recipe.xcdatamodel */;
			path = Recipe.xcdatamodeld;
			sourceTree = "<group>";
			versionGroupType = wrapper.xcdatamodel;
		};
/* End XCVersionGroup section */
	};
	rootObject = E0EE2958293E8C2E009969C9 /* Project object */;
}
